
Microsoft Visual Studio Solution File, Format Version 12.00
# Visual Studio Version 17
VisualStudioVersion = 17.4.33205.214
MinimumVisualStudioVersion = 10.0.40219.1
Project("{FAE04EC0-301F-11D3-BF4B-00C04F79EFBC}") = "zachswogger", "zachswogger.csproj", "{AB5CDB9E-8701-439C-9709-83F444DEFA24}"
EndProject
Global
	GlobalSection(SolutionConfigurationPlatforms) = preSolution
		Debug|Any CPU = Debug|Any CPU
		Release|Any CPU = Release|Any CPU
	EndGlobalSection
	GlobalSection(ProjectConfigurationPlatforms) = postSolution
		{AB5CDB9E-8701-439C-9709-83F444DEFA24}.Debug|Any CPU.ActiveCfg = Debug|Any CPU
		{AB5CDB9E-8701-439C-9709-83F444DEFA24}.Debug|Any CPU.Build.0 = Debug|Any CPU
		{AB5CDB9E-8701-439C-9709-83F444DEFA24}.Release|Any CPU.ActiveCfg = Release|Any CPU
		{AB5CDB9E-8701-439C-9709-83F444DEFA24}.Release|Any CPU.Build.0 = Release|Any CPU
	EndGlobalSection
	GlobalSection(SolutionProperties) = preSolution
		HideSolutionNode = FALSE
	EndGlobalSection
	GlobalSection(ExtensibilityGlobals) = postSolution
		SolutionGuid = {8D0ACBC3-1D37-40DE-86EA-93E964D5AD55}
	EndGlobalSection
EndGlobal
